Microsoft Visual Studio Solution File, Format Version 12.00
# Visual Studio Version 17
VisualStudioVersion = 17.5.2.0
MinimumVisualStudioVersion = 10.0.40219.1
Project("{FAE04EC0-301F-11D3-BF4B-00C04F79EFBC}") = "FactoryDataApi", "FactoryDataApi.csproj", "{C404DA68-08F7-4EE8-8A4B-7833B2A6842B}"
EndProject
Global
	GlobalSection(SolutionConfigurationPlatforms) = preSolution
		Debug|Any CPU = Debug|Any CPU
		Release|Any CPU = Release|Any CPU
	EndGlobalSection
	GlobalSection(ProjectConfigurationPlatforms) = postSolution
		{C404DA68-08F7-4EE8-8A4B-7833B2A6842B}.Debug|Any CPU.ActiveCfg = Debug|Any CPU
		{C404DA68-08F7-4EE8-8A4B-7833B2A6842B}.Debug|Any CPU.Build.0 = Debug|Any CPU
		{C404DA68-08F7-4EE8-8A4B-7833B2A6842B}.Release|Any CPU.ActiveCfg = Release|Any CPU
		{C404DA68-08F7-4EE8-8A4B-7833B2A6842B}.Release|Any CPU.Build.0 = Release|Any CPU
	EndGlobalSection
	GlobalSection(SolutionProperties) = preSolution
		HideSolutionNode = FALSE
	EndGlobalSection
	GlobalSection(ExtensibilityGlobals) = postSolution
		SolutionGuid = {E6D50591-764D-4D68-A91A-A64DF2444540}
	EndGlobalSection
EndGlobal
